
Microsoft Visual Studio Solution File, Format Version 12.00
# Visual Studio Version 17
VisualStudioVersion = 17.5.33530.505
MinimumVisualStudioVersion = 10.0.40219.1
Project("{9A19103F-16F7-4668-BE54-9A1E7A4F7556}") = "08_Lesson (GDI+)", "08_Lesson (GDI+).csproj", "{58DE1DCE-59D9-4529-9241-0623F9DCD154}"
EndProject
Global
	GlobalSection(SolutionConfigurationPlatforms) = preSolution
		Debug|Any CPU = Debug|Any CPU
		Release|Any CPU = Release|Any CPU
	EndGlobalSection
	GlobalSection(ProjectConfigurationPlatforms) = postSolution
		{58DE1DCE-59D9-4529-9241-0623F9DCD154}.Debug|Any CPU.ActiveCfg = Debug|Any CPU
		{58DE1DCE-59D9-4529-9241-0623F9DCD154}.Debug|Any CPU.Build.0 = Debug|Any CPU
		{58DE1DCE-59D9-4529-9241-0623F9DCD154}.Release|Any CPU.ActiveCfg = Release|Any CPU
		{58DE1DCE-59D9-4529-9241-0623F9DCD154}.Release|Any CPU.Build.0 = Release|Any CPU
	EndGlobalSection
	GlobalSection(SolutionProperties) = preSolution
		HideSolutionNode = FALSE
	EndGlobalSection
	GlobalSection(ExtensibilityGlobals) = postSolution
		SolutionGuid = {C3C1E287-1E9D-412B-9C55-AB5CE9AC27B9}
	EndGlobalSection
EndGlobal
